// !$*UTF8*$!
{
	archiveVersion = 1;
	classes = {
	};
	objectVersion = 50;
	objects = {

/* Begin PBXBuildFile section */
		5B359AA423EB910700AD6B48 /* UEFA Europa League Official Anthem 20192020 [FULL SONGFULL-LENGTH].mp3 in Resources */ = {isa = PBXBuildFile; fileRef = 5B359AA223EB910700AD6B48 /* UEFA Europa League Official Anthem 20192020 [FULL SONGFULL-LENGTH].mp3 */; };
		5B359AA523EB910700AD6B48 /* UEFA Champions League Theme Song [Lyrics On Screen].mp3 in Resources */ = {isa = PBXBuildFile; fileRef = 5B359AA323EB910700AD6B48 /* UEFA Champions League Theme Song [Lyrics On Screen].mp3 */; };
		5B6ABC7823FDD539003CEF88 /* NSAttributedStringExtention.swift in Sources */ = {isa = PBXBuildFile; fileRef = 5B6ABC7723FDD539003CEF88 /* NSAttributedStringExtention.swift */; };
		5B6ABC7C23FDF22D003CEF88 /* LaunchScreenController.swift in Sources */ = {isa = PBXBuildFile; fileRef = 5B6ABC7B23FDF22D003CEF88 /* LaunchScreenController.swift */; };
		5B6ABC7E23FDF347003CEF88 /* LaunchScreenStoryboard.storyboard in Resources */ = {isa = PBXBuildFile; fileRef = 5B6ABC7D23FDF347003CEF88 /* LaunchScreenStoryboard.storyboard */; };
		E343A8C62409D366007BDEF4 /* SettingsController.swift in Sources */ = {isa = PBXBuildFile; fileRef = E343A8C52409D366007BDEF4 /* SettingsController.swift */; };
		E3CC0E4023D11B6500C55503 /* AppDelegate.swift in Sources */ = {isa = PBXBuildFile; fileRef = E3CC0E3F23D11B6500C55503 /* AppDelegate.swift */; };
		E3CC0E4223D11B6500C55503 /* ViewController.swift in Sources */ = {isa = PBXBuildFile; fileRef = E3CC0E4123D11B6500C55503 /* ViewController.swift */; };
		E3CC0E4523D11B6500C55503 /* Main.storyboard in Resources */ = {isa = PBXBuildFile; fileRef = E3CC0E4323D11B6500C55503 /* Main.storyboard */; };
		E3CC0E4723D11B6600C55503 /* Assets.xcassets in Resources */ = {isa = PBXBuildFile; fileRef = E3CC0E4623D11B6600C55503 /* Assets.xcassets */; };
		E3CC0E4A23D11B6600C55503 /* LaunchScreen.storyboard in Resources */ = {isa = PBXBuildFile; fileRef = E3CC0E4823D11B6600C55503 /* LaunchScreen.storyboard */; };
		E3D852F1240F11E300D4D6DB /* FavoriteTeamList.swift in Sources */ = {isa = PBXBuildFile; fileRef = E3D852F0240F11E300D4D6DB /* FavoriteTeamList.swift */; };
		E3D852F3240F1A2000D4D6DB /* TeamViewController.swift in Sources */ = {isa = PBXBuildFile; fileRef = E3D852F2240F1A2000D4D6DB /* TeamViewController.swift */; };
		E3DF7C7223EA30340050930A /* EuropaViewController.swift in Sources */ = {isa = PBXBuildFile; fileRef = E3DF7C7123EA30340050930A /* EuropaViewController.swift */; };
		E3DF7C7423EA30430050930A /* ChampionsViewController.swift in Sources */ = {isa = PBXBuildFile; fileRef = E3DF7C7323EA30430050930A /* ChampionsViewController.swift */; };
/* End PBXBuildFile section */

/* Begin PBXFileReference section */
		5B359AA223EB910700AD6B48 /* UEFA Europa League Official Anthem 20192020 [FULL SONGFULL-LENGTH].mp3 */ = {isa = PBXFileReference; lastKnownFileType = audio.mp3; path = "UEFA Europa League Official Anthem 20192020 [FULL SONGFULL-LENGTH].mp3"; sourceTree = "<group>"; };
		5B359AA323EB910700AD6B48 /* UEFA Champions League Theme Song [Lyrics On Screen].mp3 */ = {isa = PBXFileReference; lastKnownFileType = audio.mp3; path = "UEFA Champions League Theme Song [Lyrics On Screen].mp3"; sourceTree = "<group>"; };
		5B6ABC7723FDD539003CEF88 /* NSAttributedStringExtention.swift */ = {isa = PBXFileReference; lastKnownFileType = sourcecode.swift; path = NSAttributedStringExtention.swift; sourceTree = "<group>"; };
		5B6ABC7B23FDF22D003CEF88 /* LaunchScreenController.swift */ = {isa = PBXFileReference; lastKnownFileType = sourcecode.swift; path = LaunchScreenController.swift; sourceTree = "<group>"; };
		5B6ABC7D23FDF347003CEF88 /* LaunchScreenStoryboard.storyboard */ = {isa = PBXFileReference; lastKnownFileType = file.storyboard; path = LaunchScreenStoryboard.storyboard; sourceTree = "<group>"; };
		E343A8C52409D366007BDEF4 /* SettingsController.swift */ = {isa = PBXFileReference; lastKnownFileType = sourcecode.swift; path = SettingsController.swift; sourceTree = "<group>"; };
		E3CC0E3C23D11B6500C55503 /* StreamNScore.app */ = {isa = PBXFileReference; explicitFileType = wrapper.application; includeInIndex = 0; path = StreamNScore.app; sourceTree = BUILT_PRODUCTS_DIR; };
		E3CC0E3F23D11B6500C55503 /* AppDelegate.swift */ = {isa = PBXFileReference; lastKnownFileType = sourcecode.swift; path = AppDelegate.swift; sourceTree = "<group>"; };
		E3CC0E4123D11B6500C55503 /* ViewController.swift */ = {isa = PBXFileReference; lastKnownFileType = sourcecode.swift; path = ViewController.swift; sourceTree = "<group>"; };
		E3CC0E4423D11B6500C55503 /* Base */ = {isa = PBXFileReference; lastKnownFileType = file.storyboard; name = Base; path = Base.lproj/Main.storyboard; sourceTree = "<group>"; };
		E3CC0E4623D11B6600C55503 /* Assets.xcassets */ = {isa = PBXFileReference; lastKnownFileType = folder.assetcatalog; path = Assets.xcassets; sourceTree = "<group>"; };
		E3CC0E4923D11B6600C55503 /* Base */ = {isa = PBXFileReference; lastKnownFileType = file.storyboard; name = Base; path = Base.lproj/LaunchScreen.storyboard; sourceTree = "<group>"; };
		E3CC0E4B23D11B6600C55503 /* Info.plist */ = {isa = PBXFileReference; lastKnownFileType = text.plist.xml; path = Info.plist; sourceTree = "<group>"; };
		E3D852F0240F11E300D4D6DB /* FavoriteTeamList.swift */ = {isa = PBXFileReference; lastKnownFileType = sourcecode.swift; path = FavoriteTeamList.swift; sourceTree = "<group>"; };
		E3D852F2240F1A2000D4D6DB /* TeamViewController.swift */ = {isa = PBXFileReference; lastKnownFileType = sourcecode.swift; path = TeamViewController.swift; sourceTree = "<group>"; };
		E3DF7C7123EA30340050930A /* EuropaViewController.swift */ = {isa = PBXFileReference; lastKnownFileType = sourcecode.swift; path = EuropaViewController.swift; sourceTree = "<group>"; };
		E3DF7C7323EA30430050930A /* ChampionsViewController.swift */ = {isa = PBXFileReference; lastKnownFileType = sourcecode.swift; path = ChampionsViewController.swift; sourceTree = "<group>"; };
/* End PBXFileReference section */

/* Begin PBXFrameworksBuildPhase section */
		E3CC0E3923D11B6400C55503 /* Frameworks */ = {
			isa = PBXFrameworksBuildPhase;
			buildActionMask = 2147483647;
			files = (
			);
			runOnlyForDeploymentPostprocessing = 0;
		};
/* End PBXFrameworksBuildPhase section */

/* Begin PBXGroup section */
		5B359AA123EB900600AD6B48 /* Sounds */ = {
			isa = PBXGroup;
			children = (
				5B359AA323EB910700AD6B48 /* UEFA Champions League Theme Song [Lyrics On Screen].mp3 */,
				5B359AA223EB910700AD6B48 /* UEFA Europa League Official Anthem 20192020 [FULL SONGFULL-LENGTH].mp3 */,
			);
			path = Sounds;
			sourceTree = "<group>";
		};
		E3CC0E3323D11B6400C55503 = {
			isa = PBXGroup;
			children = (
				E3CC0E3E23D11B6500C55503 /* StreamNScore */,
				E3CC0E3D23D11B6500C55503 /* Products */,
			);
			sourceTree = "<group>";
		};
		E3CC0E3D23D11B6500C55503 /* Products */ = {
			isa = PBXGroup;
			children = (
				E3CC0E3C23D11B6500C55503 /* StreamNScore.app */,
			);
			name = Products;
			sourceTree = "<group>";
		};
		E3CC0E3E23D11B6500C55503 /* StreamNScore */ = {
			isa = PBXGroup;
			children = (
				5B359AA123EB900600AD6B48 /* Sounds */,
				E3CC0E3F23D11B6500C55503 /* AppDelegate.swift */,
				E3CC0E4123D11B6500C55503 /* ViewController.swift */,
				E3CC0E4323D11B6500C55503 /* Main.storyboard */,
				E3CC0E4623D11B6600C55503 /* Assets.xcassets */,
				E3CC0E4823D11B6600C55503 /* LaunchScreen.storyboard */,
				E3CC0E4B23D11B6600C55503 /* Info.plist */,
				E3DF7C7123EA30340050930A /* EuropaViewController.swift */,
				E3DF7C7323EA30430050930A /* ChampionsViewController.swift */,
				5B6ABC7723FDD539003CEF88 /* NSAttributedStringExtention.swift */,
				5B6ABC7B23FDF22D003CEF88 /* LaunchScreenController.swift */,
				5B6ABC7D23FDF347003CEF88 /* LaunchScreenStoryboard.storyboard */,
				E343A8C52409D366007BDEF4 /* SettingsController.swift */,
				E3D852F0240F11E300D4D6DB /* FavoriteTeamList.swift */,
				E3D852F2240F1A2000D4D6DB /* TeamViewController.swift */,
			);
			path = StreamNScore;
			sourceTree = "<group>";
		};
/* End PBXGroup section */

/* Begin PBXNativeTarget section */
		E3CC0E3B23D11B6400C55503 /* StreamNScore */ = {
			isa = PBXNativeTarget;
			buildConfigurationList = E3CC0E4E23D11B6600C55503 /* Build configuration list for PBXNativeTarget "StreamNScore" */;
			buildPhases = (
				E3CC0E3823D11B6400C55503 /* Sources */,
				E3CC0E3923D11B6400C55503 /* Frameworks */,
				E3CC0E3A23D11B6400C55503 /* Resources */,
			);
			buildRules = (
			);
			dependencies = (
			);
			name = StreamNScore;
			productName = StreamNScore;
			productReference = E3CC0E3C23D11B6500C55503 /* StreamNScore.app */;
			productType = "com.apple.product-type.application";
		};
/* End PBXNativeTarget section */

/* Begin PBXProject section */
		E3CC0E3423D11B6400C55503 /* Project object */ = {
			isa = PBXProject;
			attributes = {
				LastSwiftUpdateCheck = 1030;
				LastUpgradeCheck = 1030;
				ORGANIZATIONNAME = "Walter Teljega";
				TargetAttributes = {
					E3CC0E3B23D11B6400C55503 = {
						CreatedOnToolsVersion = 10.3;
					};
				};
			};
			buildConfigurationList = E3CC0E3723D11B6400C55503 /* Build configuration list for PBXProject "StreamNScore" */;
			compatibilityVersion = "Xcode 9.3";
			developmentRegion = en;
			hasScannedForEncodings = 0;
			knownRegions = (
				en,
				Base,
			);
			mainGroup = E3CC0E3323D11B6400C55503;
			productRefGroup = E3CC0E3D23D11B6500C55503 /* Products */;
			projectDirPath = "";
			projectRoot = "";
			targets = (
				E3CC0E3B23D11B6400C55503 /* StreamNScore */,
			);
		};
/* End PBXProject section */

/* Begin PBXResourcesBuildPhase section */
		E3CC0E3A23D11B6400C55503 /* Resources */ = {
			isa = PBXResourcesBuildPhase;
			buildActionMask = 2147483647;
			files = (
				5B6ABC7E23FDF347003CEF88 /* LaunchScreenStoryboard.storyboard in Resources */,
				E3CC0E4A23D11B6600C55503 /* LaunchScreen.storyboard in Resources */,
				E3CC0E4723D11B6600C55503 /* Assets.xcassets in Resources */,
				5B359AA423EB910700AD6B48 /* UEFA Europa League Official Anthem 20192020 [FULL SONGFULL-LENGTH].mp3 in Resources */,
				E3CC0E4523D11B6500C55503 /* Main.storyboard in Resources */,
				5B359AA523EB910700AD6B48 /* UEFA Champions League Theme Song [Lyrics On Screen].mp3 in Resources */,
			);
			runOnlyForDeploymentPostprocessing = 0;
		};
/* End PBXResourcesBuildPhase section */

/* Begin PBXSourcesBuildPhase section */
		E3CC0E3823D11B6400C55503 /* Sources */ = {
			isa = PBXSourcesBuildPhase;
			buildActionMask = 2147483647;
			files = (
				5B6ABC7C23FDF22D003CEF88 /* LaunchScreenController.swift in Sources */,
				5B6ABC7823FDD539003CEF88 /* NSAttributedStringExtention.swift in Sources */,
				E3D852F1240F11E300D4D6DB /* FavoriteTeamList.swift in Sources */,
				E3CC0E4223D11B6500C55503 /* ViewController.swift in Sources */,
				E343A8C62409D366007BDEF4 /* SettingsController.swift in Sources */,
				E3DF7C7423EA30430050930A /* ChampionsViewController.swift in Sources */,
				E3DF7C7223EA30340050930A /* EuropaViewController.swift in Sources */,
				E3D852F3240F1A2000D4D6DB /* TeamViewController.swift in Sources */,
				E3CC0E4023D11B6500C55503 /* AppDelegate.swift in Sources */,
			);
			runOnlyForDeploymentPostprocessing = 0;
		};
/* End PBXSourcesBuildPhase section */

/* Begin PBXVariantGroup section */
		E3CC0E4323D11B6500C55503 /* Main.storyboard */ = {
			isa = PBXVariantGroup;
			children = (
				E3CC0E4423D11B6500C55503 /* Base */,
			);
			name = Main.storyboard;
			sourceTree = "<group>";
		};
		E3CC0E4823D11B6600C55503 /* LaunchScreen.storyboard */ = {
			isa = PBXVariantGroup;
			children = (
				E3CC0E4923D11B6600C55503 /* Base */,
			);
			name = LaunchScreen.storyboard;
			sourceTree = "<group>";
		};
/* End PBXVariantGroup section */

/* Begin XCBuildConfiguration section */
		E3CC0E4C23D11B6600C55503 /* Debug */ = {
			isa = XCBuildConfiguration;
			buildSettings = {
				ALWAYS_SEARCH_USER_PATHS = NO;
				CLANG_ANALYZER_NONNULL = YES;
				CLANG_ANALYZER_NUMBER_OBJECT_CONVERSION = YES_AGGRESSIVE;
				CLANG_CXX_LANGUAGE_STANDARD = "gnu++14";
				CLANG_CXX_LIBRARY = "libc++";
				CLANG_ENABLE_MODULES = YES;
				CLANG_ENABLE_OBJC_ARC = YES;
				CLANG_ENABLE_OBJC_WEAK = YES;
				CLANG_WARN_BLOCK_CAPTURE_AUTORELEASING = YES;
				CLANG_WARN_BOOL_CONVERSION = YES;
				CLANG_WARN_COMMA = YES;
				CLANG_WARN_CONSTANT_CONVERSION = YES;
				CLANG_WARN_DEPRECATED_OBJC_IMPLEMENTATIONS = YES;
				CLANG_WARN_DIRECT_OBJC_ISA_USAGE = YES_ERROR;
				CLANG_WARN_DOCUMENTATION_COMMENTS = YES;
				CLANG_WARN_EMPTY_BODY = YES;
				CLANG_WARN_ENUM_CONVERSION = YES;
				CLANG_WARN_INFINITE_RECURSION = YES;
				CLANG_WARN_INT_CONVERSION = YES;
				CLANG_WARN_NON_LITERAL_NULL_CONVERSION = YES;
				CLANG_WARN_OBJC_IMPLICIT_RETAIN_SELF = YES;
				CLANG_WARN_OBJC_LITERAL_CONVERSION = YES;
				CLANG_WARN_OBJC_ROOT_CLASS = YES_ERROR;
				CLANG_WARN_RANGE_LOOP_ANALYSIS = YES;
				CLANG_WARN_STRICT_PROTOTYPES = YES;
				CLANG_WARN_SUSPICIOUS_MOVE = YES;
				CLANG_WARN_UNGUARDED_AVAILABILITY = YES_AGGRESSIVE;
				CLANG_WARN_UNREACHABLE_CODE = YES;
				CLANG_WARN__DUPLICATE_METHOD_MATCH = YES;
				CODE_SIGN_IDENTITY = "iPhone Developer";
				COPY_PHASE_STRIP = NO;
				DEBUG_INFORMATION_FORMAT = dwarf;
				ENABLE_STRICT_OBJC_MSGSEND = YES;
				ENABLE_TESTABILITY = YES;
				GCC_C_LANGUAGE_STANDARD = gnu11;
				GCC_DYNAMIC_NO_PIC = NO;
				GCC_NO_COMMON_BLOCKS = YES;
				GCC_OPTIMIZATION_LEVEL = 0;
				GCC_PREPROCESSOR_DEFINITIONS = (
					"DEBUG=1",
					"$(inherited)",
				);
				GCC_WARN_64_TO_32_BIT_CONVERSION = YES;
				GCC_WARN_ABOUT_RETURN_TYPE = YES_ERROR;
				GCC_WARN_UNDECLARED_SELECTOR = YES;
				GCC_WARN_UNINITIALIZED_AUTOS = YES_AGGRESSIVE;
				GCC_WARN_UNUSED_FUNCTION = YES;
				GCC_WARN_UNUSED_VARIABLE = YES;
				IPHONEOS_DEPLOYMENT_TARGET = 12.4;
				MTL_ENABLE_DEBUG_INFO = INCLUDE_SOURCE;
				MTL_FAST_MATH = YES;
				ONLY_ACTIVE_ARCH = YES;
				SDKROOT = iphoneos;
				SWIFT_ACTIVE_COMPILATION_CONDITIONS = DEBUG;
				SWIFT_OPTIMIZATION_LEVEL = "-Onone";
			};
			name = Debug;
		};
		E3CC0E4D23D11B6600C55503 /* Release */ = {
			isa = XCBuildConfiguration;
			buildSettings = {
				ALWAYS_SEARCH_USER_PATHS = NO;
				CLANG_ANALYZER_NONNULL = YES;
				CLANG_ANALYZER_NUMBER_OBJECT_CONVERSION = YES_AGGRESSIVE;
				CLANG_CXX_LANGUAGE_STANDARD = "gnu++14";
				CLANG_CXX_LIBRARY = "libc++";
				CLANG_ENABLE_MODULES = YES;
				CLANG_ENABLE_OBJC_ARC = YES;
				CLANG_ENABLE_OBJC_WEAK = YES;
				CLANG_WARN_BLOCK_CAPTURE_AUTORELEASING = YES;
				CLANG_WARN_BOOL_CONVERSION = YES;
				CLANG_WARN_COMMA = YES;
				CLANG_WARN_CONSTANT_CONVERSION = YES;
				CLANG_WARN_DEPRECATED_OBJC_IMPLEMENTATIONS = YES;
				CLANG_WARN_DIRECT_OBJC_ISA_USAGE = YES_ERROR;
				CLANG_WARN_DOCUMENTATION_COMMENTS = YES;
				CLANG_WARN_EMPTY_BODY = YES;
				CLANG_WARN_ENUM_CONVERSION = YES;
				CLANG_WARN_INFINITE_RECURSION = YES;
				CLANG_WARN_INT_CONVERSION = YES;
				CLANG_WARN_NON_LITERAL_NULL_CONVERSION = YES;
				CLANG_WARN_OBJC_IMPLICIT_RETAIN_SELF = YES;
				CLANG_WARN_OBJC_LITERAL_CONVERSION = YES;
				CLANG_WARN_OBJC_ROOT_CLASS = YES_ERROR;
				CLANG_WARN_RANGE_LOOP_ANALYSIS = YES;
				CLANG_WARN_STRICT_PROTOTYPES = YES;
				CLANG_WARN_SUSPICIOUS_MOVE = YES;
				CLANG_WARN_UNGUARDED_AVAILABILITY = YES_AGGRESSIVE;
				CLANG_WARN_UNREACHABLE_CODE = YES;
				CLANG_WARN__DUPLICATE_METHOD_MATCH = YES;
				CODE_SIGN_IDENTITY = "iPhone Developer";
				COPY_PHASE_STRIP = NO;
				DEBUG_INFORMATION_FORMAT = "dwarf-with-dsym";
				ENABLE_NS_ASSERTIONS = NO;
				ENABLE_STRICT_OBJC_MSGSEND = YES;
				GCC_C_LANGUAGE_STANDARD = gnu11;
				GCC_NO_COMMON_BLOCKS = YES;
				GCC_WARN_64_TO_32_BIT_CONVERSION = YES;
				GCC_WARN_ABOUT_RETURN_TYPE = YES_ERROR;
				GCC_WARN_UNDECLARED_SELECTOR = YES;
				GCC_WARN_UNINITIALIZED_AUTOS = YES_AGGRESSIVE;
				GCC_WARN_UNUSED_FUNCTION = YES;
				GCC_WARN_UNUSED_VARIABLE = YES;
				IPHONEOS_DEPLOYMENT_TARGET = 12.4;
				MTL_ENABLE_DEBUG_INFO = NO;
				MTL_FAST_MATH = YES;
				SDKROOT = iphoneos;
				SWIFT_COMPILATION_MODE = wholemodule;
				SWIFT_OPTIMIZATION_LEVEL = "-O";
				VALIDATE_PRODUCT = YES;
			};
			name = Release;
		};
		E3CC0E4F23D11B6600C55503 /* Debug */ = {
			isa = XCBuildConfiguration;
			buildSettings = {
				ASSETCATALOG_COMPILER_APPICON_NAME = AppIcon;
				CODE_SIGN_STYLE = Automatic;
				INFOPLIST_FILE = StreamNScore/Info.plist;
				LD_RUNPATH_SEARCH_PATHS = (
					"$(inherited)",
					"@executable_path/Frameworks",
				);
				PRODUCT_BUNDLE_IDENTIFIER = com.WalterTeljega1.StreamNScore;
				PRODUCT_NAME = "$(TARGET_NAME)";
				SWIFT_VERSION = 5.0;
				TARGETED_DEVICE_FAMILY = "1,2";
			};
			name = Debug;
		};
		E3CC0E5023D11B6600C55503 /* Release */ = {
			isa = XCBuildConfiguration;
			buildSettings = {
				ASSETCATALOG_COMPILER_APPICON_NAME = AppIcon;
				CODE_SIGN_STYLE = Automatic;
				INFOPLIST_FILE = StreamNScore/Info.plist;
				LD_RUNPATH_SEARCH_PATHS = (
					"$(inherited)",
					"@executable_path/Frameworks",
				);
				PRODUCT_BUNDLE_IDENTIFIER = com.WalterTeljega1.StreamNScore;
				PRODUCT_NAME = "$(TARGET_NAME)";
				SWIFT_VERSION = 5.0;
				TARGETED_DEVICE_FAMILY = "1,2";
			};
			name = Release;
		};
/* End XCBuildConfiguration section */

/* Begin XCConfigurationList section */
		E3CC0E3723D11B6400C55503 /* Build configuration list for PBXProject "StreamNScore" */ = {
			isa = XCConfigurationList;
			buildConfigurations = (
				E3CC0E4C23D11B6600C55503 /* Debug */,
				E3CC0E4D23D11B6600C55503 /* Release */,
			);
			defaultConfigurationIsVisible = 0;
			defaultConfigurationName = Release;
		};
		E3CC0E4E23D11B6600C55503 /* Build configuration list for PBXNativeTarget "StreamNScore" */ = {
			isa = XCConfigurationList;
			buildConfigurations = (
				E3CC0E4F23D11B6600C55503 /* Debug */,
				E3CC0E5023D11B6600C55503 /* Release */,
			);
			defaultConfigurationIsVisible = 0;
			defaultConfigurationName = Release;
		};
/* End XCConfigurationList section */
	};
	rootObject = E3CC0E3423D11B6400C55503 /* Project object */;
}
